
Microsoft Visual Studio Solution File, Format Version 12.00
# Visual Studio 15
VisualStudioVersion = 15.0.28307.489
MinimumVisualStudioVersion = 10.0.40219.1
Project("{FAE04EC0-301F-11D3-BF4B-00C04F79EFBC}") = "BattleShips", "BattleShips\BattleShips.csproj", "{21683191-F5F2-41EE-8C04-85099C141D92}"
EndProject
Project("{FAE04EC0-301F-11D3-BF4B-00C04F79EFBC}") = "BattleShipsServer", "BattleShipsServer\BattleShipsServer.csproj", "{BAECFF1D-9487-478D-A9B6-93241934F613}"
EndProject
Project("{FAE04EC0-301F-11D3-BF4B-00C04F79EFBC}") = "BaseNetwork", "BaseNetwork\BaseNetwork.csproj", "{F50B1F43-A613-435E-AA01-803FAB2CF75C}"
EndProject
Project("{FAE04EC0-301F-11D3-BF4B-00C04F79EFBC}") = "BattleShipsLibrary", "BattleShipsLibrary\BattleShipsLibrary.csproj", "{31C703D1-D139-435D-ACBE-241B0D5AD8AA}"
EndProject
Project("{2150E333-8FDC-42A3-9474-1A3956D46DE8}") = "Solution Items", "Solution Items", "{CC18471B-A0AC-42EF-975B-ABEC708D3B77}"
EndProject
Global
	GlobalSection(SolutionConfigurationPlatforms) = preSolution
		Debug|Any CPU = Debug|Any CPU
		Release|Any CPU = Release|Any CPU
	EndGlobalSection
	GlobalSection(ProjectConfigurationPlatforms) = postSolution
		{21683191-F5F2-41EE-8C04-85099C141D92}.Debug|Any CPU.ActiveCfg = Debug|Any CPU
		{21683191-F5F2-41EE-8C04-85099C141D92}.Debug|Any CPU.Build.0 = Debug|Any CPU
		{21683191-F5F2-41EE-8C04-85099C141D92}.Release|Any CPU.ActiveCfg = Release|Any CPU
		{21683191-F5F2-41EE-8C04-85099C141D92}.Release|Any CPU.Build.0 = Release|Any CPU
		{BAECFF1D-9487-478D-A9B6-93241934F613}.Debug|Any CPU.ActiveCfg = Debug|Any CPU
		{BAECFF1D-9487-478D-A9B6-93241934F613}.Debug|Any CPU.Build.0 = Debug|Any CPU
		{BAECFF1D-9487-478D-A9B6-93241934F613}.Release|Any CPU.ActiveCfg = Release|Any CPU
		{BAECFF1D-9487-478D-A9B6-93241934F613}.Release|Any CPU.Build.0 = Release|Any CPU
		{F50B1F43-A613-435E-AA01-803FAB2CF75C}.Debug|Any CPU.ActiveCfg = Debug|Any CPU
		{F50B1F43-A613-435E-AA01-803FAB2CF75C}.Debug|Any CPU.Build.0 = Debug|Any CPU
		{F50B1F43-A613-435E-AA01-803FAB2CF75C}.Release|Any CPU.ActiveCfg = Release|Any CPU
		{F50B1F43-A613-435E-AA01-803FAB2CF75C}.Release|Any CPU.Build.0 = Release|Any CPU
		{31C703D1-D139-435D-ACBE-241B0D5AD8AA}.Debug|Any CPU.ActiveCfg = Debug|Any CPU
		{31C703D1-D139-435D-ACBE-241B0D5AD8AA}.Debug|Any CPU.Build.0 = Debug|Any CPU
		{31C703D1-D139-435D-ACBE-241B0D5AD8AA}.Release|Any CPU.ActiveCfg = Release|Any CPU
		{31C703D1-D139-435D-ACBE-241B0D5AD8AA}.Release|Any CPU.Build.0 = Release|Any CPU
	EndGlobalSection
	GlobalSection(SolutionProperties) = preSolution
		HideSolutionNode = FALSE
	EndGlobalSection
	GlobalSection(ExtensibilityGlobals) = postSolution
		SolutionGuid = {8563479B-72FC-41C9-9191-00A2E2587202}
	EndGlobalSection
EndGlobal
